
Microsoft Visual Studio Solution File, Format Version 12.00
# Visual Studio Version 16
VisualStudioVersion = 16.0.31613.86
MinimumVisualStudioVersion = 10.0.40219.1
Project("{9A19103F-16F7-4668-BE54-9A1E7A4F7556}") = "ThirdAssignment-Server", "ThirdAssignment-Server.csproj", "{25EFCA75-E439-42F7-876C-15E60B71BD0D}"
EndProject
Global
	GlobalSection(SolutionConfigurationPlatforms) = preSolution
		Debug|Any CPU = Debug|Any CPU
		Release|Any CPU = Release|Any CPU
	EndGlobalSection
	GlobalSection(ProjectConfigurationPlatforms) = postSolution
		{25EFCA75-E439-42F7-876C-15E60B71BD0D}.Debug|Any CPU.ActiveCfg = Debug|Any CPU
		{25EFCA75-E439-42F7-876C-15E60B71BD0D}.Debug|Any CPU.Build.0 = Debug|Any CPU
		{25EFCA75-E439-42F7-876C-15E60B71BD0D}.Release|Any CPU.ActiveCfg = Release|Any CPU
		{25EFCA75-E439-42F7-876C-15E60B71BD0D}.Release|Any CPU.Build.0 = Release|Any CPU
	EndGlobalSection
	GlobalSection(SolutionProperties) = preSolution
		HideSolutionNode = FALSE
	EndGlobalSection
	GlobalSection(ExtensibilityGlobals) = postSolution
		SolutionGuid = {FE249301-BD9C-456A-B9BB-2E7E5DCE7657}
	EndGlobalSection
EndGlobal
